
Microsoft Visual Studio Solution File, Format Version 12.00
Project("{FAE04EC0-301F-11D3-BF4B-00C04F79EFBC}") = "Question13_Roman_To_Integer", "Question13_Roman_To_Integer\Question13_Roman_To_Integer.csproj", "{328BBDC5-F3E5-4F64-AEB7-C1C6AD94E8D0}"
EndProject
Project("{FAE04EC0-301F-11D3-BF4B-00C04F79EFBC}") = "Question21_Merge_Two_Sorted_List", "Question21_Merge_Two_Sorted_List\Question21_Merge_Two_Sorted_List.csproj", "{92EB48FA-92CF-446F-B8A9-817C71E18A57}"
EndProject
Project("{FAE04EC0-301F-11D3-BF4B-00C04F79EFBC}") = "Question35_Search_Insert_Position", "Question35_Search_Insert_Position\Question35_Search_Insert_Position.csproj", "{4E15C033-398A-4A9B-896B-9F7054876941}"
EndProject
Project("{FAE04EC0-301F-11D3-BF4B-00C04F79EFBC}") = "Question70_Climbing_Stairs", "Question70_Climbing_Stairs\Question70_Climbing_Stairs.csproj", "{ADED386F-0A65-491C-BE29-E2342E082838}"
EndProject
Project("{FAE04EC0-301F-11D3-BF4B-00C04F79EFBC}") = "Question94_Binary_Tree_Inorder_Traversal", "Question94_Binary_Tree_Inorder_Traversal\Question94_Binary_Tree_Inorder_Traversal.csproj", "{6EEC5ED1-DE59-4658-8949-9C6C37D90872}"
EndProject
Project("{FAE04EC0-301F-11D3-BF4B-00C04F79EFBC}") = "Question101_Symmetric_Tree", "Question101_Symmetric_Tree\Question101_Symmetric_Tree.csproj", "{832BFD70-32F3-4A80-86A0-901A1469840D}"
EndProject
Global
	GlobalSection(SolutionConfigurationPlatforms) = preSolution
		Debug|Any CPU = Debug|Any CPU
		Release|Any CPU = Release|Any CPU
	EndGlobalSection
	GlobalSection(ProjectConfigurationPlatforms) = postSolution
		{328BBDC5-F3E5-4F64-AEB7-C1C6AD94E8D0}.Debug|Any CPU.ActiveCfg = Debug|Any CPU
		{328BBDC5-F3E5-4F64-AEB7-C1C6AD94E8D0}.Debug|Any CPU.Build.0 = Debug|Any CPU
		{328BBDC5-F3E5-4F64-AEB7-C1C6AD94E8D0}.Release|Any CPU.ActiveCfg = Release|Any CPU
		{328BBDC5-F3E5-4F64-AEB7-C1C6AD94E8D0}.Release|Any CPU.Build.0 = Release|Any CPU
		{92EB48FA-92CF-446F-B8A9-817C71E18A57}.Debug|Any CPU.ActiveCfg = Debug|Any CPU
		{92EB48FA-92CF-446F-B8A9-817C71E18A57}.Debug|Any CPU.Build.0 = Debug|Any CPU
		{92EB48FA-92CF-446F-B8A9-817C71E18A57}.Release|Any CPU.ActiveCfg = Release|Any CPU
		{92EB48FA-92CF-446F-B8A9-817C71E18A57}.Release|Any CPU.Build.0 = Release|Any CPU
		{4E15C033-398A-4A9B-896B-9F7054876941}.Debug|Any CPU.ActiveCfg = Debug|Any CPU
		{4E15C033-398A-4A9B-896B-9F7054876941}.Debug|Any CPU.Build.0 = Debug|Any CPU
		{4E15C033-398A-4A9B-896B-9F7054876941}.Release|Any CPU.ActiveCfg = Release|Any CPU
		{4E15C033-398A-4A9B-896B-9F7054876941}.Release|Any CPU.Build.0 = Release|Any CPU
		{ADED386F-0A65-491C-BE29-E2342E082838}.Debug|Any CPU.ActiveCfg = Debug|Any CPU
		{ADED386F-0A65-491C-BE29-E2342E082838}.Debug|Any CPU.Build.0 = Debug|Any CPU
		{ADED386F-0A65-491C-BE29-E2342E082838}.Release|Any CPU.ActiveCfg = Release|Any CPU
		{ADED386F-0A65-491C-BE29-E2342E082838}.Release|Any CPU.Build.0 = Release|Any CPU
		{6EEC5ED1-DE59-4658-8949-9C6C37D90872}.Debug|Any CPU.ActiveCfg = Debug|Any CPU
		{6EEC5ED1-DE59-4658-8949-9C6C37D90872}.Debug|Any CPU.Build.0 = Debug|Any CPU
		{6EEC5ED1-DE59-4658-8949-9C6C37D90872}.Release|Any CPU.ActiveCfg = Release|Any CPU
		{6EEC5ED1-DE59-4658-8949-9C6C37D90872}.Release|Any CPU.Build.0 = Release|Any CPU
		{832BFD70-32F3-4A80-86A0-901A1469840D}.Debug|Any CPU.ActiveCfg = Debug|Any CPU
		{832BFD70-32F3-4A80-86A0-901A1469840D}.Debug|Any CPU.Build.0 = Debug|Any CPU
		{832BFD70-32F3-4A80-86A0-901A1469840D}.Release|Any CPU.ActiveCfg = Release|Any CPU
		{832BFD70-32F3-4A80-86A0-901A1469840D}.Release|Any CPU.Build.0 = Release|Any CPU
	EndGlobalSection
EndGlobal
